
Microsoft Visual Studio Solution File, Format Version 12.00
# Visual Studio 15
VisualStudioVersion = 15.0.26430.14
MinimumVisualStudioVersion = 10.0.40219.1
Project("{8BC9CEB8-8B4A-11D0-8D11-00A0C91BC942}") = "Basic_Genetic_Algorithm", "Basic_Genetic_Algorithm.vcxproj", "{AE5CA39E-6BBC-4615-94C2-781A4B06CE8E}"
EndProject
Global
	GlobalSection(SolutionConfigurationPlatforms) = preSolution
		Debug|x86 = Debug|x86
		Release|x86 = Release|x86
	EndGlobalSection
	GlobalSection(ProjectConfigurationPlatforms) = postSolution
		{AE5CA39E-6BBC-4615-94C2-781A4B06CE8E}.Debug|x86.ActiveCfg = Debug|Win32
		{AE5CA39E-6BBC-4615-94C2-781A4B06CE8E}.Debug|x86.Build.0 = Debug|Win32
		{AE5CA39E-6BBC-4615-94C2-781A4B06CE8E}.Release|x86.ActiveCfg = Release|Win32
		{AE5CA39E-6BBC-4615-94C2-781A4B06CE8E}.Release|x86.Build.0 = Release|Win32
	EndGlobalSection
	GlobalSection(SolutionProperties) = preSolution
		HideSolutionNode = FALSE
	EndGlobalSection
	GlobalSection(ExtensibilityGlobals) = postSolution
		SolutionGuid = {9AF3B98E-0A43-4314-AF6C-0BA0A0C78F86}
	EndGlobalSection
EndGlobal
